
Microsoft Visual Studio Solution File, Format Version 12.00
# Visual Studio 15
VisualStudioVersion = 15.0.28307.572
MinimumVisualStudioVersion = 10.0.40219.1
Project("{FAE04EC0-301F-11D3-BF4B-00C04F79EFBC}") = "Utilities", "Utilities\Utilities.csproj", "{62ACEF1D-E43B-4CE6-AAE0-4634CC4588E3}"
EndProject
Global
	GlobalSection(SolutionConfigurationPlatforms) = preSolution
		Debug|Any CPU = Debug|Any CPU
		Release|Any CPU = Release|Any CPU
	EndGlobalSection
	GlobalSection(ProjectConfigurationPlatforms) = postSolution
		{62ACEF1D-E43B-4CE6-AAE0-4634CC4588E3}.Debug|Any CPU.ActiveCfg = Debug|Any CPU
		{62ACEF1D-E43B-4CE6-AAE0-4634CC4588E3}.Debug|Any CPU.Build.0 = Debug|Any CPU
		{62ACEF1D-E43B-4CE6-AAE0-4634CC4588E3}.Release|Any CPU.ActiveCfg = Release|Any CPU
		{62ACEF1D-E43B-4CE6-AAE0-4634CC4588E3}.Release|Any CPU.Build.0 = Release|Any CPU
	EndGlobalSection
	GlobalSection(SolutionProperties) = preSolution
		HideSolutionNode = FALSE
	EndGlobalSection
	GlobalSection(ExtensibilityGlobals) = postSolution
		SolutionGuid = {A1AB816E-4E13-478A-9722-3AC0E4874E8C}
	EndGlobalSection
EndGlobal
