
Microsoft Visual Studio Solution File, Format Version 12.00
# Visual Studio 15
VisualStudioVersion = 15.0.28307.572
MinimumVisualStudioVersion = 10.0.40219.1
Project("{FAE04EC0-301F-11D3-BF4B-00C04F79EFBC}") = "UserInteface", "UserInteface\UserInteface.csproj", "{5774C659-C75F-4B6E-BB43-B19C4C7BA994}"
EndProject
Project("{FAE04EC0-301F-11D3-BF4B-00C04F79EFBC}") = "Toolkit", "Toolkit\Toolkit.csproj", "{F3813269-AD9C-4967-AF81-3685E6B97259}"
EndProject
Project("{2150E333-8FDC-42A3-9474-1A3956D46DE8}") = "Resources", "Resources", "{792FA9C2-9035-4360-A19C-5133E0245C1A}"
	ProjectSection(SolutionItems) = preProject
		linguisticQualificators.xml = linguisticQualificators.xml
		Resources\linguisticQuantifiers.xml = Resources\linguisticQuantifiers.xml
		linguisticVariables.xml = linguisticVariables.xml
		Resources\weatherAUS.xlsx = Resources\weatherAUS.xlsx
	EndProjectSection
EndProject
Global
	GlobalSection(SolutionConfigurationPlatforms) = preSolution
		Debug|Any CPU = Debug|Any CPU
		Release|Any CPU = Release|Any CPU
	EndGlobalSection
	GlobalSection(ProjectConfigurationPlatforms) = postSolution
		{5774C659-C75F-4B6E-BB43-B19C4C7BA994}.Debug|Any CPU.ActiveCfg = Debug|Any CPU
		{5774C659-C75F-4B6E-BB43-B19C4C7BA994}.Debug|Any CPU.Build.0 = Debug|Any CPU
		{5774C659-C75F-4B6E-BB43-B19C4C7BA994}.Release|Any CPU.ActiveCfg = Release|Any CPU
		{5774C659-C75F-4B6E-BB43-B19C4C7BA994}.Release|Any CPU.Build.0 = Release|Any CPU
		{F3813269-AD9C-4967-AF81-3685E6B97259}.Debug|Any CPU.ActiveCfg = Debug|Any CPU
		{F3813269-AD9C-4967-AF81-3685E6B97259}.Debug|Any CPU.Build.0 = Debug|Any CPU
		{F3813269-AD9C-4967-AF81-3685E6B97259}.Release|Any CPU.ActiveCfg = Release|Any CPU
		{F3813269-AD9C-4967-AF81-3685E6B97259}.Release|Any CPU.Build.0 = Release|Any CPU
	EndGlobalSection
	GlobalSection(SolutionProperties) = preSolution
		HideSolutionNode = FALSE
	EndGlobalSection
	GlobalSection(ExtensibilityGlobals) = postSolution
		SolutionGuid = {A1AB816E-4E13-478A-9722-3AC0E4874E8C}
	EndGlobalSection
EndGlobal
